// !$*UTF8*$!
{
	archiveVersion = 1;
	classes = {
	};
	objectVersion = 51;
	objects = {

/* Begin PBXBuildFile section */
		C518DA03238811AD007E61BC /* AppDelegate.swift in Sources */ = {isa = PBXBuildFile; fileRef = C518DA02238811AD007E61BC /* AppDelegate.swift */; };
		C518DA05238811AD007E61BC /* SceneDelegate.swift in Sources */ = {isa = PBXBuildFile; fileRef = C518DA04238811AD007E61BC /* SceneDelegate.swift */; };
		C518DA07238811AD007E61BC /* ViewController.swift in Sources */ = {isa = PBXBuildFile; fileRef = C518DA06238811AD007E61BC /* ViewController.swift */; };
		C518DA0A238811AD007E61BC /* Main.storyboard in Resources */ = {isa = PBXBuildFile; fileRef = C518DA08238811AD007E61BC /* Main.storyboard */; };
		C518DA0C238811AE007E61BC /* Assets.xcassets in Resources */ = {isa = PBXBuildFile; fileRef = C518DA0B238811AE007E61BC /* Assets.xcassets */; };
		C518DA0F238811AE007E61BC /* LaunchScreen.storyboard in Resources */ = {isa = PBXBuildFile; fileRef = C518DA0D238811AE007E61BC /* LaunchScreen.storyboard */; };
		C518DA172388140C007E61BC /* GoogleService-Info.plist in Resources */ = {isa = PBXBuildFile; fileRef = C518DA162388140C007E61BC /* GoogleService-Info.plist */; };
		C518DA1923884C9B007E61BC /* FeedViewController.swift in Sources */ = {isa = PBXBuildFile; fileRef = C518DA1823884C9B007E61BC /* FeedViewController.swift */; };
		C518DA1B23884CA4007E61BC /* UploadViewController.swift in Sources */ = {isa = PBXBuildFile; fileRef = C518DA1A23884CA4007E61BC /* UploadViewController.swift */; };
		C518DA1D23884CB0007E61BC /* SettingsViewController.swift in Sources */ = {isa = PBXBuildFile; fileRef = C518DA1C23884CB0007E61BC /* SettingsViewController.swift */; };
		C5ED1557238BFB6500035FC1 /* FeedCell.swift in Sources */ = {isa = PBXBuildFile; fileRef = C5ED1556238BFB6500035FC1 /* FeedCell.swift */; };
		DFC2D50FE1B2476A0477C3C0 /* Pods_InstaCloneFirebase.framework in Frameworks */ = {isa = PBXBuildFile; fileRef = 2B681B92B5C65927DA1824E0 /* Pods_InstaCloneFirebase.framework */; };
/* End PBXBuildFile section */

/* Begin PBXFileReference section */
		2B681B92B5C65927DA1824E0 /* Pods_InstaCloneFirebase.framework */ = {isa = PBXFileReference; explicitFileType = wrapper.framework; includeInIndex = 0; path = Pods_InstaCloneFirebase.framework; sourceTree = BUILT_PRODUCTS_DIR; };
		A22744C40EFCC8A97178C944 /* Pods-InstaCloneFirebase.release.xcconfig */ = {isa = PBXFileReference; includeInIndex = 1; lastKnownFileType = text.xcconfig; name = "Pods-InstaCloneFirebase.release.xcconfig"; path = "Target Support Files/Pods-InstaCloneFirebase/Pods-InstaCloneFirebase.release.xcconfig"; sourceTree = "<group>"; };
		C518D9FF238811AD007E61BC /* InstaCloneFirebase.app */ = {isa = PBXFileReference; explicitFileType = wrapper.application; includeInIndex = 0; path = InstaCloneFirebase.app; sourceTree = BUILT_PRODUCTS_DIR; };
		C518DA02238811AD007E61BC /* AppDelegate.swift */ = {isa = PBXFileReference; lastKnownFileType = sourcecode.swift; path = AppDelegate.swift; sourceTree = "<group>"; };
		C518DA04238811AD007E61BC /* SceneDelegate.swift */ = {isa = PBXFileReference; lastKnownFileType = sourcecode.swift; path = SceneDelegate.swift; sourceTree = "<group>"; };
		C518DA06238811AD007E61BC /* ViewController.swift */ = {isa = PBXFileReference; lastKnownFileType = sourcecode.swift; path = ViewController.swift; sourceTree = "<group>"; };
		C518DA09238811AD007E61BC /* Base */ = {isa = PBXFileReference; lastKnownFileType = file.storyboard; name = Base; path = Base.lproj/Main.storyboard; sourceTree = "<group>"; };
		C518DA0B238811AE007E61BC /* Assets.xcassets */ = {isa = PBXFileReference; lastKnownFileType = folder.assetcatalog; path = Assets.xcassets; sourceTree = "<group>"; };
		C518DA0E238811AE007E61BC /* Base */ = {isa = PBXFileReference; lastKnownFileType = file.storyboard; name = Base; path = Base.lproj/LaunchScreen.storyboard; sourceTree = "<group>"; };
		C518DA10238811AE007E61BC /* Info.plist */ = {isa = PBXFileReference; lastKnownFileType = text.plist.xml; path = Info.plist; sourceTree = "<group>"; };
		C518DA162388140C007E61BC /* GoogleService-Info.plist */ = {isa = PBXFileReference; fileEncoding = 4; lastKnownFileType = text.plist.xml; path = "GoogleService-Info.plist"; sourceTree = "<group>"; };
		C518DA1823884C9B007E61BC /* FeedViewController.swift */ = {isa = PBXFileReference; lastKnownFileType = sourcecode.swift; path = FeedViewController.swift; sourceTree = "<group>"; };
		C518DA1A23884CA4007E61BC /* UploadViewController.swift */ = {isa = PBXFileReference; lastKnownFileType = sourcecode.swift; path = UploadViewController.swift; sourceTree = "<group>"; };
		C518DA1C23884CB0007E61BC /* SettingsViewController.swift */ = {isa = PBXFileReference; lastKnownFileType = sourcecode.swift; path = SettingsViewController.swift; sourceTree = "<group>"; };
		C5ED1556238BFB6500035FC1 /* FeedCell.swift */ = {isa = PBXFileReference; lastKnownFileType = sourcecode.swift; path = FeedCell.swift; sourceTree = "<group>"; };
		F83C97F69E3FA118BB8C7327 /* Pods-InstaCloneFirebase.debug.xcconfig */ = {isa = PBXFileReference; includeInIndex = 1; lastKnownFileType = text.xcconfig; name = "Pods-InstaCloneFirebase.debug.xcconfig"; path = "Target Support Files/Pods-InstaCloneFirebase/Pods-InstaCloneFirebase.debug.xcconfig"; sourceTree = "<group>"; };
/* End PBXFileReference section */

/* Begin PBXFrameworksBuildPhase section */
		C518D9FC238811AD007E61BC /* Frameworks */ = {
			isa = PBXFrameworksBuildPhase;
			buildActionMask = 2147483647;
			files = (
				DFC2D50FE1B2476A0477C3C0 /* Pods_InstaCloneFirebase.framework in Frameworks */,
			);
			runOnlyForDeploymentPostprocessing = 0;
		};
/* End PBXFrameworksBuildPhase section */

/* Begin PBXGroup section */
		11F0B4286DAB58DD7DCAD3B9 /* Frameworks */ = {
			isa = PBXGroup;
			children = (
				2B681B92B5C65927DA1824E0 /* Pods_InstaCloneFirebase.framework */,
			);
			name = Frameworks;
			sourceTree = "<group>";
		};
		C518D9F6238811AD007E61BC = {
			isa = PBXGroup;
			children = (
				C518DA01238811AD007E61BC /* InstaCloneFirebase */,
				C518DA00238811AD007E61BC /* Products */,
				DF8D03DF2C60ED9C54C262E6 /* Pods */,
				11F0B4286DAB58DD7DCAD3B9 /* Frameworks */,
			);
			sourceTree = "<group>";
		};
		C518DA00238811AD007E61BC /* Products */ = {
			isa = PBXGroup;
			children = (
				C518D9FF238811AD007E61BC /* InstaCloneFirebase.app */,
			);
			name = Products;
			sourceTree = "<group>";
		};
		C518DA01238811AD007E61BC /* InstaCloneFirebase */ = {
			isa = PBXGroup;
			children = (
				C518DA02238811AD007E61BC /* AppDelegate.swift */,
				C518DA04238811AD007E61BC /* SceneDelegate.swift */,
				C518DA06238811AD007E61BC /* ViewController.swift */,
				C518DA08238811AD007E61BC /* Main.storyboard */,
				C518DA0B238811AE007E61BC /* Assets.xcassets */,
				C518DA0D238811AE007E61BC /* LaunchScreen.storyboard */,
				C518DA10238811AE007E61BC /* Info.plist */,
				C518DA162388140C007E61BC /* GoogleService-Info.plist */,
				C518DA1823884C9B007E61BC /* FeedViewController.swift */,
				C518DA1A23884CA4007E61BC /* UploadViewController.swift */,
				C518DA1C23884CB0007E61BC /* SettingsViewController.swift */,
				C5ED1556238BFB6500035FC1 /* FeedCell.swift */,
			);
			path = InstaCloneFirebase;
			sourceTree = "<group>";
		};
		DF8D03DF2C60ED9C54C262E6 /* Pods */ = {
			isa = PBXGroup;
			children = (
				F83C97F69E3FA118BB8C7327 /* Pods-InstaCloneFirebase.debug.xcconfig */,
				A22744C40EFCC8A97178C944 /* Pods-InstaCloneFirebase.release.xcconfig */,
			);
			path = Pods;
			sourceTree = "<group>";
		};
/* End PBXGroup section */

/* Begin PBXNativeTarget section */
		C518D9FE238811AD007E61BC /* InstaCloneFirebase */ = {
			isa = PBXNativeTarget;
			buildConfigurationList = C518DA13238811AE007E61BC /* Build configuration list for PBXNativeTarget "InstaCloneFirebase" */;
			buildPhases = (
				A9625489F825939F8CAC2332 /* [CP] Check Pods Manifest.lock */,
				C518D9FB238811AD007E61BC /* Sources */,
				C518D9FC238811AD007E61BC /* Frameworks */,
				C518D9FD238811AD007E61BC /* Resources */,
				681CC6A25728B0C35409AF1C /* [CP] Embed Pods Frameworks */,
			);
			buildRules = (
			);
			dependencies = (
			);
			name = InstaCloneFirebase;
			productName = InstaCloneFirebase;
			productReference = C518D9FF238811AD007E61BC /* InstaCloneFirebase.app */;
			productType = "com.apple.product-type.application";
		};
/* End PBXNativeTarget section */

/* Begin PBXProject section */
		C518D9F7238811AD007E61BC /* Project object */ = {
			isa = PBXProject;
			attributes = {
				LastSwiftUpdateCheck = 1110;
				LastUpgradeCheck = 1110;
				ORGANIZATIONNAME = Bera;
				TargetAttributes = {
					C518D9FE238811AD007E61BC = {
						CreatedOnToolsVersion = 11.1;
					};
				};
			};
			buildConfigurationList = C518D9FA238811AD007E61BC /* Build configuration list for PBXProject "InstaCloneFirebase" */;
			compatibilityVersion = "Xcode 9.3";
			developmentRegion = en;
			hasScannedForEncodings = 0;
			knownRegions = (
				en,
				Base,
			);
			mainGroup = C518D9F6238811AD007E61BC;
			productRefGroup = C518DA00238811AD007E61BC /* Products */;
			projectDirPath = "";
			projectRoot = "";
			targets = (
				C518D9FE238811AD007E61BC /* InstaCloneFirebase */,
			);
		};
/* End PBXProject section */

/* Begin PBXResourcesBuildPhase section */
		C518D9FD238811AD007E61BC /* Resources */ = {
			isa = PBXResourcesBuildPhase;
			buildActionMask = 2147483647;
			files = (
				C518DA0F238811AE007E61BC /* LaunchScreen.storyboard in Resources */,
				C518DA172388140C007E61BC /* GoogleService-Info.plist in Resources */,
				C518DA0C238811AE007E61BC /* Assets.xcassets in Resources */,
				C518DA0A238811AD007E61BC /* Main.storyboard in Resources */,
			);
			runOnlyForDeploymentPostprocessing = 0;
		};
/* End PBXResourcesBuildPhase section */

/* Begin PBXShellScriptBuildPhase section */
		681CC6A25728B0C35409AF1C /* [CP] Embed Pods Frameworks */ = {
			isa = PBXShellScriptBuildPhase;
			buildActionMask = 2147483647;
			files = (
			);
			inputFileListPaths = (
				"${PODS_ROOT}/Target Support Files/Pods-InstaCloneFirebase/Pods-InstaCloneFirebase-frameworks-${CONFIGURATION}-input-files.xcfilelist",
			);
			name = "[CP] Embed Pods Frameworks";
			outputFileListPaths = (
				"${PODS_ROOT}/Target Support Files/Pods-InstaCloneFirebase/Pods-InstaCloneFirebase-frameworks-${CONFIGURATION}-output-files.xcfilelist",
			);
			runOnlyForDeploymentPostprocessing = 0;
			shellPath = /bin/sh;
			shellScript = "\"${PODS_ROOT}/Target Support Files/Pods-InstaCloneFirebase/Pods-InstaCloneFirebase-frameworks.sh\"\n";
			showEnvVarsInLog = 0;
		};
		A9625489F825939F8CAC2332 /* [CP] Check Pods Manifest.lock */ = {
			isa = PBXShellScriptBuildPhase;
			buildActionMask = 2147483647;
			files = (
			);
			inputFileListPaths = (
			);
			inputPaths = (
				"${PODS_PODFILE_DIR_PATH}/Podfile.lock",
				"${PODS_ROOT}/Manifest.lock",
			);
			name = "[CP] Check Pods Manifest.lock";
			outputFileListPaths = (
			);
			outputPaths = (
				"$(DERIVED_FILE_DIR)/Pods-InstaCloneFirebase-checkManifestLockResult.txt",
			);
			runOnlyForDeploymentPostprocessing = 0;
			shellPath = /bin/sh;
			shellScript = "diff \"${PODS_PODFILE_DIR_PATH}/Podfile.lock\" \"${PODS_ROOT}/Manifest.lock\" > /dev/null\nif [ $? != 0 ] ; then\n    # print error to STDERR\n    echo \"error: The sandbox is not in sync with the Podfile.lock. Run 'pod install' or update your CocoaPods installation.\" >&2\n    exit 1\nfi\n# This output is used by Xcode 'outputs' to avoid re-running this script phase.\necho \"SUCCESS\" > \"${SCRIPT_OUTPUT_FILE_0}\"\n";
			showEnvVarsInLog = 0;
		};
/* End PBXShellScriptBuildPhase section */

/* Begin PBXSourcesBuildPhase section */
		C518D9FB238811AD007E61BC /* Sources */ = {
			isa = PBXSourcesBuildPhase;
			buildActionMask = 2147483647;
			files = (
				C5ED1557238BFB6500035FC1 /* FeedCell.swift in Sources */,
				C518DA07238811AD007E61BC /* ViewController.swift in Sources */,
				C518DA1B23884CA4007E61BC /* UploadViewController.swift in Sources */,
				C518DA03238811AD007E61BC /* AppDelegate.swift in Sources */,
				C518DA1923884C9B007E61BC /* FeedViewController.swift in Sources */,
				C518DA05238811AD007E61BC /* SceneDelegate.swift in Sources */,
				C518DA1D23884CB0007E61BC /* SettingsViewController.swift in Sources */,
			);
			runOnlyForDeploymentPostprocessing = 0;
		};
/* End PBXSourcesBuildPhase section */

/* Begin PBXVariantGroup section */
		C518DA08238811AD007E61BC /* Main.storyboard */ = {
			isa = PBXVariantGroup;
			children = (
				C518DA09238811AD007E61BC /* Base */,
			);
			name = Main.storyboard;
			sourceTree = "<group>";
		};
		C518DA0D238811AE007E61BC /* LaunchScreen.storyboard */ = {
			isa = PBXVariantGroup;
			children = (
				C518DA0E238811AE007E61BC /* Base */,
			);
			name = LaunchScreen.storyboard;
			sourceTree = "<group>";
		};
/* End PBXVariantGroup section */

/* Begin XCBuildConfiguration section */
		C518DA11238811AE007E61BC /* Debug */ = {
			isa = XCBuildConfiguration;
			buildSettings = {
				ALWAYS_SEARCH_USER_PATHS = NO;
				CLANG_ANALYZER_NONNULL = YES;
				CLANG_ANALYZER_NUMBER_OBJECT_CONVERSION = YES_AGGRESSIVE;
				CLANG_CXX_LANGUAGE_STANDARD = "gnu++14";
				CLANG_CXX_LIBRARY = "libc++";
				CLANG_ENABLE_MODULES = YES;
				CLANG_ENABLE_OBJC_ARC = YES;
				CLANG_ENABLE_OBJC_WEAK = YES;
				CLANG_WARN_BLOCK_CAPTURE_AUTORELEASING = YES;
				CLANG_WARN_BOOL_CONVERSION = YES;
				CLANG_WARN_COMMA = YES;
				CLANG_WARN_CONSTANT_CONVERSION = YES;
				CLANG_WARN_DEPRECATED_OBJC_IMPLEMENTATIONS = YES;
				CLANG_WARN_DIRECT_OBJC_ISA_USAGE = YES_ERROR;
				CLANG_WARN_DOCUMENTATION_COMMENTS = YES;
				CLANG_WARN_EMPTY_BODY = YES;
				CLANG_WARN_ENUM_CONVERSION = YES;
				CLANG_WARN_INFINITE_RECURSION = YES;
				CLANG_WARN_INT_CONVERSION = YES;
				CLANG_WARN_NON_LITERAL_NULL_CONVERSION = YES;
				CLANG_WARN_OBJC_IMPLICIT_RETAIN_SELF = YES;
				CLANG_WARN_OBJC_LITERAL_CONVERSION = YES;
				CLANG_WARN_OBJC_ROOT_CLASS = YES_ERROR;
				CLANG_WARN_RANGE_LOOP_ANALYSIS = YES;
				CLANG_WARN_STRICT_PROTOTYPES = YES;
				CLANG_WARN_SUSPICIOUS_MOVE = YES;
				CLANG_WARN_UNGUARDED_AVAILABILITY = YES_AGGRESSIVE;
				CLANG_WARN_UNREACHABLE_CODE = YES;
				CLANG_WARN__DUPLICATE_METHOD_MATCH = YES;
				COPY_PHASE_STRIP = NO;
				DEBUG_INFORMATION_FORMAT = dwarf;
				ENABLE_STRICT_OBJC_MSGSEND = YES;
				ENABLE_TESTABILITY = YES;
				GCC_C_LANGUAGE_STANDARD = gnu11;
				GCC_DYNAMIC_NO_PIC = NO;
				GCC_NO_COMMON_BLOCKS = YES;
				GCC_OPTIMIZATION_LEVEL = 0;
				GCC_PREPROCESSOR_DEFINITIONS = (
					"DEBUG=1",
					"$(inherited)",
				);
				GCC_WARN_64_TO_32_BIT_CONVERSION = YES;
				GCC_WARN_ABOUT_RETURN_TYPE = YES_ERROR;
				GCC_WARN_UNDECLARED_SELECTOR = YES;
				GCC_WARN_UNINITIALIZED_AUTOS = YES_AGGRESSIVE;
				GCC_WARN_UNUSED_FUNCTION = YES;
				GCC_WARN_UNUSED_VARIABLE = YES;
				IPHONEOS_DEPLOYMENT_TARGET = 13.1;
				MTL_ENABLE_DEBUG_INFO = INCLUDE_SOURCE;
				MTL_FAST_MATH = YES;
				ONLY_ACTIVE_ARCH = YES;
				SDKROOT = iphoneos;
				SWIFT_ACTIVE_COMPILATION_CONDITIONS = DEBUG;
				SWIFT_OPTIMIZATION_LEVEL = "-Onone";
			};
			name = Debug;
		};
		C518DA12238811AE007E61BC /* Release */ = {
			isa = XCBuildConfiguration;
			buildSettings = {
				ALWAYS_SEARCH_USER_PATHS = NO;
				CLANG_ANALYZER_NONNULL = YES;
				CLANG_ANALYZER_NUMBER_OBJECT_CONVERSION = YES_AGGRESSIVE;
				CLANG_CXX_LANGUAGE_STANDARD = "gnu++14";
				CLANG_CXX_LIBRARY = "libc++";
				CLANG_ENABLE_MODULES = YES;
				CLANG_ENABLE_OBJC_ARC = YES;
				CLANG_ENABLE_OBJC_WEAK = YES;
				CLANG_WARN_BLOCK_CAPTURE_AUTORELEASING = YES;
				CLANG_WARN_BOOL_CONVERSION = YES;
				CLANG_WARN_COMMA = YES;
				CLANG_WARN_CONSTANT_CONVERSION = YES;
				CLANG_WARN_DEPRECATED_OBJC_IMPLEMENTATIONS = YES;
				CLANG_WARN_DIRECT_OBJC_ISA_USAGE = YES_ERROR;
				CLANG_WARN_DOCUMENTATION_COMMENTS = YES;
				CLANG_WARN_EMPTY_BODY = YES;
				CLANG_WARN_ENUM_CONVERSION = YES;
				CLANG_WARN_INFINITE_RECURSION = YES;
				CLANG_WARN_INT_CONVERSION = YES;
				CLANG_WARN_NON_LITERAL_NULL_CONVERSION = YES;
				CLANG_WARN_OBJC_IMPLICIT_RETAIN_SELF = YES;
				CLANG_WARN_OBJC_LITERAL_CONVERSION = YES;
				CLANG_WARN_OBJC_ROOT_CLASS = YES_ERROR;
				CLANG_WARN_RANGE_LOOP_ANALYSIS = YES;
				CLANG_WARN_STRICT_PROTOTYPES = YES;
				CLANG_WARN_SUSPICIOUS_MOVE = YES;
				CLANG_WARN_UNGUARDED_AVAILABILITY = YES_AGGRESSIVE;
				CLANG_WARN_UNREACHABLE_CODE = YES;
				CLANG_WARN__DUPLICATE_METHOD_MATCH = YES;
				COPY_PHASE_STRIP = NO;
				DEBUG_INFORMATION_FORMAT = "dwarf-with-dsym";
				ENABLE_NS_ASSERTIONS = NO;
				ENABLE_STRICT_OBJC_MSGSEND = YES;
				GCC_C_LANGUAGE_STANDARD = gnu11;
				GCC_NO_COMMON_BLOCKS = YES;
				GCC_WARN_64_TO_32_BIT_CONVERSION = YES;
				GCC_WARN_ABOUT_RETURN_TYPE = YES_ERROR;
				GCC_WARN_UNDECLARED_SELECTOR = YES;
				GCC_WARN_UNINITIALIZED_AUTOS = YES_AGGRESSIVE;
				GCC_WARN_UNUSED_FUNCTION = YES;
				GCC_WARN_UNUSED_VARIABLE = YES;
				IPHONEOS_DEPLOYMENT_TARGET = 13.1;
				MTL_ENABLE_DEBUG_INFO = NO;
				MTL_FAST_MATH = YES;
				SDKROOT = iphoneos;
				SWIFT_COMPILATION_MODE = wholemodule;
				SWIFT_OPTIMIZATION_LEVEL = "-O";
				VALIDATE_PRODUCT = YES;
			};
			name = Release;
		};
		C518DA14238811AE007E61BC /* Debug */ = {
			isa = XCBuildConfiguration;
			baseConfigurationReference = F83C97F69E3FA118BB8C7327 /* Pods-InstaCloneFirebase.debug.xcconfig */;
			buildSettings = {
				ASSETCATALOG_COMPILER_APPICON_NAME = AppIcon;
				CODE_SIGN_STYLE = Automatic;
				DEVELOPMENT_TEAM = R4DLJ4P88Z;
				INFOPLIST_FILE = InstaCloneFirebase/Info.plist;
				LD_RUNPATH_SEARCH_PATHS = (
					"$(inherited)",
					"@executable_path/Frameworks",
				);
				PRODUCT_BUNDLE_IDENTIFIER = com.beraarge.InstaCloneFirebase;
				PRODUCT_NAME = "$(TARGET_NAME)";
				SWIFT_VERSION = 5.0;
				TARGETED_DEVICE_FAMILY = "1,2";
			};
			name = Debug;
		};
		C518DA15238811AE007E61BC /* Release */ = {
			isa = XCBuildConfiguration;
			baseConfigurationReference = A22744C40EFCC8A97178C944 /* Pods-InstaCloneFirebase.release.xcconfig */;
			buildSettings = {
				ASSETCATALOG_COMPILER_APPICON_NAME = AppIcon;
				CODE_SIGN_STYLE = Automatic;
				DEVELOPMENT_TEAM = R4DLJ4P88Z;
				INFOPLIST_FILE = InstaCloneFirebase/Info.plist;
				LD_RUNPATH_SEARCH_PATHS = (
					"$(inherited)",
					"@executable_path/Frameworks",
				);
				PRODUCT_BUNDLE_IDENTIFIER = com.beraarge.InstaCloneFirebase;
				PRODUCT_NAME = "$(TARGET_NAME)";
				SWIFT_VERSION = 5.0;
				TARGETED_DEVICE_FAMILY = "1,2";
			};
			name = Release;
		};
/* End XCBuildConfiguration section */

/* Begin XCConfigurationList section */
		C518D9FA238811AD007E61BC /* Build configuration list for PBXProject "InstaCloneFirebase" */ = {
			isa = XCConfigurationList;
			buildConfigurations = (
				C518DA11238811AE007E61BC /* Debug */,
				C518DA12238811AE007E61BC /* Release */,
			);
			defaultConfigurationIsVisible = 0;
			defaultConfigurationName = Release;
		};
		C518DA13238811AE007E61BC /* Build configuration list for PBXNativeTarget "InstaCloneFirebase" */ = {
			isa = XCConfigurationList;
			buildConfigurations = (
				C518DA14238811AE007E61BC /* Debug */,
				C518DA15238811AE007E61BC /* Release */,
			);
			defaultConfigurationIsVisible = 0;
			defaultConfigurationName = Release;
		};
/* End XCConfigurationList section */
	};
	rootObject = C518D9F7238811AD007E61BC /* Project object */;
}
